
Microsoft Visual Studio Solution File, Format Version 12.00
# Visual Studio Version 17
VisualStudioVersion = 17.7.34009.444
MinimumVisualStudioVersion = 10.0.40219.1
Project("{FAE04EC0-301F-11D3-BF4B-00C04F79EFBC}") = "AA_TDD_PairProgramming", "AA_TDD_PairProgramming\AA_TDD_PairProgramming.csproj", "{3A0DA178-B11F-4E1E-A3D5-A997A6D1668E}"
EndProject
Project("{FAE04EC0-301F-11D3-BF4B-00C04F79EFBC}") = "TDD_Test", "TDD_Test\TDD_Test.csproj", "{91DC22C3-0816-4432-98CF-0CCA8B0F2E5C}"
EndProject
Global
	GlobalSection(SolutionConfigurationPlatforms) = preSolution
		Debug|Any CPU = Debug|Any CPU
		Release|Any CPU = Release|Any CPU
	EndGlobalSection
	GlobalSection(ProjectConfigurationPlatforms) = postSolution
		{3A0DA178-B11F-4E1E-A3D5-A997A6D1668E}.Debug|Any CPU.ActiveCfg = Debug|Any CPU
		{3A0DA178-B11F-4E1E-A3D5-A997A6D1668E}.Debug|Any CPU.Build.0 = Debug|Any CPU
		{3A0DA178-B11F-4E1E-A3D5-A997A6D1668E}.Release|Any CPU.ActiveCfg = Release|Any CPU
		{3A0DA178-B11F-4E1E-A3D5-A997A6D1668E}.Release|Any CPU.Build.0 = Release|Any CPU
		{91DC22C3-0816-4432-98CF-0CCA8B0F2E5C}.Debug|Any CPU.ActiveCfg = Debug|Any CPU
		{91DC22C3-0816-4432-98CF-0CCA8B0F2E5C}.Debug|Any CPU.Build.0 = Debug|Any CPU
		{91DC22C3-0816-4432-98CF-0CCA8B0F2E5C}.Release|Any CPU.ActiveCfg = Release|Any CPU
		{91DC22C3-0816-4432-98CF-0CCA8B0F2E5C}.Release|Any CPU.Build.0 = Release|Any CPU
	EndGlobalSection
	GlobalSection(SolutionProperties) = preSolution
		HideSolutionNode = FALSE
	EndGlobalSection
	GlobalSection(ExtensibilityGlobals) = postSolution
		SolutionGuid = {C61E4F3D-F6B6-4829-BE21-34D092052F97}
	EndGlobalSection
EndGlobal
